// !$*UTF8*$!
{
	archiveVersion = 1;
	classes = {
	};
	objectVersion = 46;
	objects = {

/* Begin PBXBuildFile section */
		0207DA581B56EA530066E2B4 /* Images.xcassets in Resources */ = {isa = PBXBuildFile; fileRef = 0207DA571B56EA530066E2B4 /* Images.xcassets */; };
		0A2B8ECC544A4709B0191A04 /* CoreLocation.framework in Frameworks */ = {isa = PBXBuildFile; fileRef = C05098CE48E045D78F4CE902 /* CoreLocation.framework */; };
		1583C98D2A54458F9E891541 /* CoreTelephony.framework in Frameworks */ = {isa = PBXBuildFile; fileRef = F9751B4DC46A4AFD9D836E12 /* CoreTelephony.framework */; };
		1D3623260D0F684500981E51 /* AppDelegate.m in Sources */ = {isa = PBXBuildFile; fileRef = 1D3623250D0F684500981E51 /* AppDelegate.m */; };
		1D60589B0D05DD56006BFB54 /* main.m in Sources */ = {isa = PBXBuildFile; fileRef = 29B97316FDCFA39411CA2CEA /* main.m */; };
		1EEF458AEE6A4F58A94C25ED /* CDVReachability.m in Sources */ = {isa = PBXBuildFile; fileRef = EE49ADD0109E4A979D89F9C2 /* CDVReachability.m */; };
		1F9AFB67BB9643BDA2302205 /* ImageIO.framework in Frameworks */ = {isa = PBXBuildFile; fileRef = 97E671310908411084B69FFC /* ImageIO.framework */; settings = {ATTRIBUTES = (Weak, ); }; };
		2A97AB4FA79C4755BFD818E2 /* CDVInAppBrowser.m in Sources */ = {isa = PBXBuildFile; fileRef = 2D4A37465EF04940AAAC8E3C /* CDVInAppBrowser.m */; };
		2FC0A75B56994AD4962A2778 /* CDVCapture.bundle in Resources */ = {isa = PBXBuildFile; fileRef = 34C4A859235049E6BB7C766D /* CDVCapture.bundle */; };
		301BF552109A68D80062928A /* libCordova.a in Frameworks */ = {isa = PBXBuildFile; fileRef = 301BF535109A57CC0062928A /* libCordova.a */; };
		302D95F114D2391D003F00A1 /* MainViewController.m in Sources */ = {isa = PBXBuildFile; fileRef = 302D95EF14D2391D003F00A1 /* MainViewController.m */; };
		302D95F214D2391D003F00A1 /* MainViewController.xib in Resources */ = {isa = PBXBuildFile; fileRef = 302D95F014D2391D003F00A1 /* MainViewController.xib */; };
		30778400C3EF41AEA53B6221 /* CDVContact.m in Sources */ = {isa = PBXBuildFile; fileRef = 6A95B6DD000F404EBFD6B374 /* CDVContact.m */; };
		33EA54D8C1884CA6B22AF11E /* CDVSound.m in Sources */ = {isa = PBXBuildFile; fileRef = 2F9B882480074EBBB0BC388C /* CDVSound.m */; };
		3755B2639A35482DBDC784FA /* CDVConnection.m in Sources */ = {isa = PBXBuildFile; fileRef = 7617106D7558434F81BE6C63 /* CDVConnection.m */; };
		39A7057CB0BE4671A4258CCE /* CDVStatusBar.m in Sources */ = {isa = PBXBuildFile; fileRef = 622521B0BFFC4DC9B61AF8FD /* CDVStatusBar.m */; };
		3A625A954AF7447FBB8CE7A1 /* CDVAssetLibraryFilesystem.m in Sources */ = {isa = PBXBuildFile; fileRef = F16CCE90F956426486FC0C65 /* CDVAssetLibraryFilesystem.m */; };
		3B4E52576CA64153A2DA8B58 /* CDVFileTransfer.m in Sources */ = {isa = PBXBuildFile; fileRef = C7DB9A4ABABF4E1A80E00DA9 /* CDVFileTransfer.m */; };
		3B879099BACE4B3EA7949026 /* CDVGlobalization.m in Sources */ = {isa = PBXBuildFile; fileRef = 1DF72473F49D4F8783B15B1C /* CDVGlobalization.m */; };
		4A5D6C0EE4AA42EF91E53ADE /* CDVBattery.m in Sources */ = {isa = PBXBuildFile; fileRef = 6F8D7F225DFB45BC8F337BE8 /* CDVBattery.m */; };
		4C9BC57F60BF45339AE640D6 /* CDVViewController+SplashScreen.m in Sources */ = {isa = PBXBuildFile; fileRef = CF7F15CC861B4EB19A9F938C /* CDVViewController+SplashScreen.m */; };
		4E6A976735C14FD1A98DC9F0 /* CDVCamera.m in Sources */ = {isa = PBXBuildFile; fileRef = A7C1E9F48A05481CB16888D2 /* CDVCamera.m */; };
		54A48C8711864A51A5AEB612 /* CDVLogger.m in Sources */ = {isa = PBXBuildFile; fileRef = 44A718FDCEE9437A874C180E /* CDVLogger.m */; };
		598840B8DC834C10B7F5EFB9 /* CDVJpegHeaderWriter.m in Sources */ = {isa = PBXBuildFile; fileRef = 5B008274CCFA43AF98CB84C6 /* CDVJpegHeaderWriter.m */; };
		59BC31CD3E7A4640874E694A /* CDVLocalFilesystem.m in Sources */ = {isa = PBXBuildFile; fileRef = 1352C63610BB41C09E7EAFAC /* CDVLocalFilesystem.m */; };
		689B5EAA859146AE885F5B13 /* CDVNotification.bundle in Resources */ = {isa = PBXBuildFile; fileRef = 878B5CCF7FCD41BC8F06741D /* CDVNotification.bundle */; };
		6C745D4D424A4E7F9392ABA5 /* CDVCapture.m in Sources */ = {isa = PBXBuildFile; fileRef = E40EB2C6A7A74E2B9137AD1D /* CDVCapture.m */; };
		6FD87EBFEE914140B3F1945F /* CDVDevice.m in Sources */ = {isa = PBXBuildFile; fileRef = 9FF0F45D1BDE4D1E826AFB43 /* CDVDevice.m */; };
		8001BE4BFD5E4FAFB617E5DB /* AVFoundation.framework in Frameworks */ = {isa = PBXBuildFile; fileRef = 4C18A94C465442E992D24B77 /* AVFoundation.framework */; };
		912CA62047FA49E58BD3FE9D /* CDVContacts.m in Sources */ = {isa = PBXBuildFile; fileRef = 55D350087D0F4271A998AC52 /* CDVContacts.m */; };
		94F7A2180EB84B17A9ED90D0 /* CDVLocation.m in Sources */ = {isa = PBXBuildFile; fileRef = 94A45DE2DC214E52AA2A8357 /* CDVLocation.m */; };
		B17D6A64A7164DF1A4E30A56 /* CoreMotion.framework in Frameworks */ = {isa = PBXBuildFile; fileRef = EF668236EAD3432CB55FCA0A /* CoreMotion.framework */; };
		BC3A694B2A0D460796DCFC5F /* CDVAccelerometer.m in Sources */ = {isa = PBXBuildFile; fileRef = B8F13CB96C5042609F8868AD /* CDVAccelerometer.m */; };
		BCA320C2BEA847A8873041D9 /* AudioToolbox.framework in Frameworks */ = {isa = PBXBuildFile; fileRef = EEECD49EAA854336AFE77F63 /* AudioToolbox.framework */; settings = {ATTRIBUTES = (Weak, ); }; };
		C4AFBC14BEB14FC9BEEA5EFF /* AddressBookUI.framework in Frameworks */ = {isa = PBXBuildFile; fileRef = E1FFBA4708074F6CAF8CA913 /* AddressBookUI.framework */; settings = {ATTRIBUTES = (Weak, ); }; };
		C7D4695D079C4AB294D3E297 /* CDVSplashScreen.m in Sources */ = {isa = PBXBuildFile; fileRef = 20CCCC804FCC4B24B692FDDE /* CDVSplashScreen.m */; };
		CF3EA57D553744DB89DDC3D7 /* AddressBook.framework in Frameworks */ = {isa = PBXBuildFile; fileRef = 5EF7F2C68E7C468387FD9432 /* AddressBook.framework */; settings = {ATTRIBUTES = (Weak, ); }; };
		DA093DFB66E84F9897A8E8EE /* CDVCompass.m in Sources */ = {isa = PBXBuildFile; fileRef = 5973B08F1A9642A38DC7B5D3 /* CDVCompass.m */; };
		E8BC90B29C814E06BACFDDF6 /* CDVNotification.m in Sources */ = {isa = PBXBuildFile; fileRef = 5A539DCE2AB542CF9FD6BD1C /* CDVNotification.m */; };
		F354BC61B2E849239481BCAF /* CDVFile.m in Sources */ = {isa = PBXBuildFile; fileRef = 311C561544C9496C8C2A677F /* CDVFile.m */; };
		FA22D73EBFB14629B8B1F99B /* CDVVibration.m in Sources */ = {isa = PBXBuildFile; fileRef = AF0C9C61DF80457A951250DA /* CDVVibration.m */; };
		FBEDBEBBAECC4DDDAA318AEF /* SystemConfiguration.framework in Frameworks */ = {isa = PBXBuildFile; fileRef = F447661FF0E34CAC858214C9 /* SystemConfiguration.framework */; settings = {ATTRIBUTES = (Weak, ); }; };
		FD446F6D799649E0BF649DD6 /* UIImage+CropScaleOrientation.m in Sources */ = {isa = PBXBuildFile; fileRef = 369C9ABDBBDF44419B28B307 /* UIImage+CropScaleOrientation.m */; };
/* End PBXBuildFile section */

/* Begin PBXContainerItemProxy section */
		301BF534109A57CC0062928A /* PBXContainerItemProxy */ = {
			isa = PBXContainerItemProxy;
			containerPortal = 301BF52D109A57CC0062928A /* CordovaLib.xcodeproj */;
			proxyType = 2;
			remoteGlobalIDString = D2AAC07E0554694100DB518D;
			remoteInfo = CordovaLib;
		};
		301BF550109A68C00062928A /* PBXContainerItemProxy */ = {
			isa = PBXContainerItemProxy;
			containerPortal = 301BF52D109A57CC0062928A /* CordovaLib.xcodeproj */;
			proxyType = 1;
			remoteGlobalIDString = D2AAC07D0554694100DB518D;
			remoteInfo = CordovaLib;
		};
/* End PBXContainerItemProxy section */

/* Begin PBXFileReference section */
		0182AFC04EBE4AF98285E6ED /* CDVVibration.h */ = {isa = PBXFileReference; explicitFileType = undefined; fileEncoding = 4; includeInIndex = 0; lastKnownFileType = sourcecode.c.h; name = CDVVibration.h; path = "cordova-plugin-vibration/CDVVibration.h"; sourceTree = "<group>"; };
		0207DA571B56EA530066E2B4 /* Images.xcassets */ = {isa = PBXFileReference; lastKnownFileType = folder.assetcatalog; name = Images.xcassets; path = OpenCartMobile/Images.xcassets; sourceTree = SOURCE_ROOT; };
		1343936F1FA24C1292ACBF1A /* CDVBattery.h */ = {isa = PBXFileReference; explicitFileType = undefined; fileEncoding = 4; includeInIndex = 0; lastKnownFileType = sourcecode.c.h; name = CDVBattery.h; path = "cordova-plugin-battery-status/CDVBattery.h"; sourceTree = "<group>"; };
		1352C63610BB41C09E7EAFAC /* CDVLocalFilesystem.m */ = {isa = PBXFileReference; explicitFileType = undefined; fileEncoding = 4; includeInIndex = 0; lastKnownFileType = sourcecode.c.objc; name = CDVLocalFilesystem.m; path = "cordova-plugin-file/CDVLocalFilesystem.m"; sourceTree = "<group>"; };
		17321AB204E34DC4A637F3EA /* CDVFileTransfer.h */ = {isa = PBXFileReference; explicitFileType = undefined; fileEncoding = 4; includeInIndex = 0; lastKnownFileType = sourcecode.c.h; name = CDVFileTransfer.h; path = "cordova-plugin-file-transfer/CDVFileTransfer.h"; sourceTree = "<group>"; };
		1D3623240D0F684500981E51 /* AppDelegate.h */ = {isa = PBXFileReference; fileEncoding = 4; lastKnownFileType = sourcecode.c.h; path = AppDelegate.h; sourceTree = "<group>"; };
		1D3623250D0F684500981E51 /* AppDelegate.m */ = {isa = PBXFileReference; fileEncoding = 4; lastKnownFileType = sourcecode.c.objc; path = AppDelegate.m; sourceTree = "<group>"; };
		1D6058910D05DD3D006BFB54 /* OpenCartMobile.app */ = {isa = PBXFileReference; explicitFileType = wrapper.application; includeInIndex = 0; path = OpenCartMobile.app; sourceTree = BUILT_PRODUCTS_DIR; };
		1DF72473F49D4F8783B15B1C /* CDVGlobalization.m */ = {isa = PBXFileReference; explicitFileType = undefined; fileEncoding = 4; includeInIndex = 0; lastKnownFileType = sourcecode.c.objc; name = CDVGlobalization.m; path = "cordova-plugin-globalization/CDVGlobalization.m"; sourceTree = "<group>"; };
		20CCCC804FCC4B24B692FDDE /* CDVSplashScreen.m */ = {isa = PBXFileReference; explicitFileType = undefined; fileEncoding = 4; includeInIndex = 0; lastKnownFileType = sourcecode.c.objc; name = CDVSplashScreen.m; path = "cordova-plugin-splashscreen/CDVSplashScreen.m"; sourceTree = "<group>"; };
		29B97316FDCFA39411CA2CEA /* main.m */ = {isa = PBXFileReference; fileEncoding = 4; lastKnownFileType = sourcecode.c.objc; path = main.m; sourceTree = "<group>"; };
		2D4A37465EF04940AAAC8E3C /* CDVInAppBrowser.m */ = {isa = PBXFileReference; explicitFileType = undefined; fileEncoding = 4; includeInIndex = 0; lastKnownFileType = sourcecode.c.objc; name = CDVInAppBrowser.m; path = "cordova-plugin-inappbrowser/CDVInAppBrowser.m"; sourceTree = "<group>"; };
		2ED39983C92A4272B5FE8CA6 /* CDVCompass.h */ = {isa = PBXFileReference; explicitFileType = undefined; fileEncoding = 4; includeInIndex = 0; lastKnownFileType = sourcecode.c.h; name = CDVCompass.h; path = "cordova-plugin-device-orientation/CDVCompass.h"; sourceTree = "<group>"; };
		2F9B882480074EBBB0BC388C /* CDVSound.m */ = {isa = PBXFileReference; explicitFileType = undefined; fileEncoding = 4; includeInIndex = 0; lastKnownFileType = sourcecode.c.objc; name = CDVSound.m; path = "cordova-plugin-media/CDVSound.m"; sourceTree = "<group>"; };
		301BF52D109A57CC0062928A /* CordovaLib.xcodeproj */ = {isa = PBXFileReference; lastKnownFileType = "wrapper.pb-project"; name = CordovaLib.xcodeproj; path = CordovaLib/CordovaLib.xcodeproj; sourceTree = "<group>"; };
		301BF56E109A69640062928A /* www */ = {isa = PBXFileReference; lastKnownFileType = folder; path = www; sourceTree = SOURCE_ROOT; };
		302D95EE14D2391D003F00A1 /* MainViewController.h */ = {isa = PBXFileReference; fileEncoding = 4; lastKnownFileType = sourcecode.c.h; path = MainViewController.h; sourceTree = "<group>"; };
		302D95EF14D2391D003F00A1 /* MainViewController.m */ = {isa = PBXFileReference; fileEncoding = 4; lastKnownFileType = sourcecode.c.objc; path = MainViewController.m; sourceTree = "<group>"; };
		302D95F014D2391D003F00A1 /* MainViewController.xib */ = {isa = PBXFileReference; fileEncoding = 4; lastKnownFileType = file.xib; path = MainViewController.xib; sourceTree = "<group>"; };
		3047A50F1AB8059700498E2A /* build-debug.xcconfig */ = {isa = PBXFileReference; fileEncoding = 4; lastKnownFileType = text.xcconfig; name = "build-debug.xcconfig"; path = "cordova/build-debug.xcconfig"; sourceTree = SOURCE_ROOT; };
		3047A5101AB8059700498E2A /* build-release.xcconfig */ = {isa = PBXFileReference; fileEncoding = 4; lastKnownFileType = text.xcconfig; name = "build-release.xcconfig"; path = "cordova/build-release.xcconfig"; sourceTree = SOURCE_ROOT; };
		3047A5111AB8059700498E2A /* build.xcconfig */ = {isa = PBXFileReference; fileEncoding = 4; lastKnownFileType = text.xcconfig; name = build.xcconfig; path = cordova/build.xcconfig; sourceTree = SOURCE_ROOT; };
		311C561544C9496C8C2A677F /* CDVFile.m */ = {isa = PBXFileReference; explicitFileType = undefined; fileEncoding = 4; includeInIndex = 0; lastKnownFileType = sourcecode.c.objc; name = CDVFile.m; path = "cordova-plugin-file/CDVFile.m"; sourceTree = "<group>"; };
		32CA4F630368D1EE00C91783 /* OpenCartMobile-Prefix.pch */ = {isa = PBXFileReference; fileEncoding = 4; lastKnownFileType = sourcecode.c.h; path = "OpenCartMobile-Prefix.pch"; sourceTree = "<group>"; };
		34C4A859235049E6BB7C766D /* CDVCapture.bundle */ = {isa = PBXFileReference; explicitFileType = undefined; fileEncoding = 9; includeInIndex = 0; lastKnownFileType = "wrapper.plug-in"; path = CDVCapture.bundle; sourceTree = "<group>"; };
		369C9ABDBBDF44419B28B307 /* UIImage+CropScaleOrientation.m */ = {isa = PBXFileReference; explicitFileType = undefined; fileEncoding = 4; includeInIndex = 0; lastKnownFileType = sourcecode.c.objc; name = "UIImage+CropScaleOrientation.m"; path = "cordova-plugin-camera/UIImage+CropScaleOrientation.m"; sourceTree = "<group>"; };
		4327E6BE5FC646A782D00579 /* CDVSplashScreen.h */ = {isa = PBXFileReference; explicitFileType = undefined; fileEncoding = 4; includeInIndex = 0; lastKnownFileType = sourcecode.c.h; name = CDVSplashScreen.h; path = "cordova-plugin-splashscreen/CDVSplashScreen.h"; sourceTree = "<group>"; };
		44A718FDCEE9437A874C180E /* CDVLogger.m */ = {isa = PBXFileReference; explicitFileType = undefined; fileEncoding = 4; includeInIndex = 0; lastKnownFileType = sourcecode.c.objc; name = CDVLogger.m; path = "cordova-plugin-console/CDVLogger.m"; sourceTree = "<group>"; };
		480DA77F4DB94D9D9E994121 /* CDVGlobalization.h */ = {isa = PBXFileReference; explicitFileType = undefined; fileEncoding = 4; includeInIndex = 0; lastKnownFileType = sourcecode.c.h; name = CDVGlobalization.h; path = "cordova-plugin-globalization/CDVGlobalization.h"; sourceTree = "<group>"; };
		4C18A94C465442E992D24B77 /* AVFoundation.framework */ = {isa = PBXFileReference; explicitFileType = undefined; fileEncoding = 9; includeInIndex = 0; lastKnownFileType = wrapper.framework; name = AVFoundation.framework; path = System/Library/Frameworks/AVFoundation.framework; sourceTree = SDKROOT; };
		4EED8CA22D4B4B28A24A6DF6 /* CDVDevice.h */ = {isa = PBXFileReference; explicitFileType = undefined; fileEncoding = 4; includeInIndex = 0; lastKnownFileType = sourcecode.c.h; name = CDVDevice.h; path = "cordova-plugin-device/CDVDevice.h"; sourceTree = "<group>"; };
		50B583B7AC924298836C971A /* CDVExif.h */ = {isa = PBXFileReference; explicitFileType = undefined; fileEncoding = 4; includeInIndex = 0; lastKnownFileType = sourcecode.c.h; name = CDVExif.h; path = "cordova-plugin-camera/CDVExif.h"; sourceTree = "<group>"; };
		55D350087D0F4271A998AC52 /* CDVContacts.m */ = {isa = PBXFileReference; explicitFileType = undefined; fileEncoding = 4; includeInIndex = 0; lastKnownFileType = sourcecode.c.objc; name = CDVContacts.m; path = "cordova-plugin-contacts/CDVContacts.m"; sourceTree = "<group>"; };
		5973B08F1A9642A38DC7B5D3 /* CDVCompass.m */ = {isa = PBXFileReference; explicitFileType = undefined; fileEncoding = 4; includeInIndex = 0; lastKnownFileType = sourcecode.c.objc; name = CDVCompass.m; path = "cordova-plugin-device-orientation/CDVCompass.m"; sourceTree = "<group>"; };
		5A539DCE2AB542CF9FD6BD1C /* CDVNotification.m */ = {isa = PBXFileReference; explicitFileType = undefined; fileEncoding = 4; includeInIndex = 0; lastKnownFileType = sourcecode.c.objc; name = CDVNotification.m; path = "cordova-plugin-dialogs/CDVNotification.m"; sourceTree = "<group>"; };
		5B008274CCFA43AF98CB84C6 /* CDVJpegHeaderWriter.m */ = {isa = PBXFileReference; explicitFileType = undefined; fileEncoding = 4; includeInIndex = 0; lastKnownFileType = sourcecode.c.objc; name = CDVJpegHeaderWriter.m; path = "cordova-plugin-camera/CDVJpegHeaderWriter.m"; sourceTree = "<group>"; };
		5C80ADC82DC44374BE0DC1AF /* CDVCapture.h */ = {isa = PBXFileReference; explicitFileType = undefined; fileEncoding = 4; includeInIndex = 0; lastKnownFileType = sourcecode.c.h; name = CDVCapture.h; path = "cordova-plugin-media-capture/CDVCapture.h"; sourceTree = "<group>"; };
		5EF7F2C68E7C468387FD9432 /* AddressBook.framework */ = {isa = PBXFileReference; explicitFileType = undefined; fileEncoding = 9; includeInIndex = 0; lastKnownFileType = wrapper.framework; name = AddressBook.framework; path = System/Library/Frameworks/AddressBook.framework; sourceTree = SDKROOT; };
		5F27D328F4534A8B96238F98 /* CDVAccelerometer.h */ = {isa = PBXFileReference; explicitFileType = undefined; fileEncoding = 4; includeInIndex = 0; lastKnownFileType = sourcecode.c.h; name = CDVAccelerometer.h; path = "cordova-plugin-device-motion/CDVAccelerometer.h"; sourceTree = "<group>"; };
		622521B0BFFC4DC9B61AF8FD /* CDVStatusBar.m */ = {isa = PBXFileReference; explicitFileType = undefined; fileEncoding = 4; includeInIndex = 0; lastKnownFileType = sourcecode.c.objc; name = CDVStatusBar.m; path = "cordova-plugin-statusbar/CDVStatusBar.m"; sourceTree = "<group>"; };
		6A95B6DD000F404EBFD6B374 /* CDVContact.m */ = {isa = PBXFileReference; explicitFileType = undefined; fileEncoding = 4; includeInIndex = 0; lastKnownFileType = sourcecode.c.objc; name = CDVContact.m; path = "cordova-plugin-contacts/CDVContact.m"; sourceTree = "<group>"; };
		6F45B6FD9CF744E1A66FA3E7 /* CDVSound.h */ = {isa = PBXFileReference; explicitFileType = undefined; fileEncoding = 4; includeInIndex = 0; lastKnownFileType = sourcecode.c.h; name = CDVSound.h; path = "cordova-plugin-media/CDVSound.h"; sourceTree = "<group>"; };
		6F8D7F225DFB45BC8F337BE8 /* CDVBattery.m */ = {isa = PBXFileReference; explicitFileType = undefined; fileEncoding = 4; includeInIndex = 0; lastKnownFileType = sourcecode.c.objc; name = CDVBattery.m; path = "cordova-plugin-battery-status/CDVBattery.m"; sourceTree = "<group>"; };
		7617106D7558434F81BE6C63 /* CDVConnection.m */ = {isa = PBXFileReference; explicitFileType = undefined; fileEncoding = 4; includeInIndex = 0; lastKnownFileType = sourcecode.c.objc; name = CDVConnection.m; path = "cordova-plugin-network-information/CDVConnection.m"; sourceTree = "<group>"; };
		7A253B25DBEB4B47966F2963 /* CDVFile.h */ = {isa = PBXFileReference; explicitFileType = undefined; fileEncoding = 4; includeInIndex = 0; lastKnownFileType = sourcecode.c.h; name = CDVFile.h; path = "cordova-plugin-file/CDVFile.h"; sourceTree = "<group>"; };
		7A44C8DC95514C9F9819E577 /* CDVViewController+SplashScreen.h */ = {isa = PBXFileReference; explicitFileType = undefined; fileEncoding = 4; includeInIndex = 0; lastKnownFileType = sourcecode.c.h; name = "CDVViewController+SplashScreen.h"; path = "cordova-plugin-splashscreen/CDVViewController+SplashScreen.h"; sourceTree = "<group>"; };
		832B7FFCEC98485A8DD2F9FE /* CDVInAppBrowser.h */ = {isa = PBXFileReference; explicitFileType = undefined; fileEncoding = 4; includeInIndex = 0; lastKnownFileType = sourcecode.c.h; name = CDVInAppBrowser.h; path = "cordova-plugin-inappbrowser/CDVInAppBrowser.h"; sourceTree = "<group>"; };
		878B5CCF7FCD41BC8F06741D /* CDVNotification.bundle */ = {isa = PBXFileReference; explicitFileType = undefined; fileEncoding = 9; includeInIndex = 0; lastKnownFileType = "wrapper.plug-in"; path = CDVNotification.bundle; sourceTree = "<group>"; };
		8BF01C0B770F4853BAF83CD9 /* CDVReachability.h */ = {isa = PBXFileReference; explicitFileType = undefined; fileEncoding = 4; includeInIndex = 0; lastKnownFileType = sourcecode.c.h; name = CDVReachability.h; path = "cordova-plugin-network-information/CDVReachability.h"; sourceTree = "<group>"; };
		8D1107310486CEB800E47090 /* OpenCartMobile-Info.plist */ = {isa = PBXFileReference; fileEncoding = 4; lastKnownFileType = text.plist.xml; name = "OpenCartMobile-Info.plist"; path = "OpenCartMobile/OpenCartMobile-Info.plist"; plistStructureDefinitionIdentifier = "com.apple.xcode.plist.structure-definition.iphone.info-plist"; sourceTree = SOURCE_ROOT; };
		94A45DE2DC214E52AA2A8357 /* CDVLocation.m */ = {isa = PBXFileReference; explicitFileType = undefined; fileEncoding = 4; includeInIndex = 0; lastKnownFileType = sourcecode.c.objc; name = CDVLocation.m; path = "cordova-plugin-geolocation/CDVLocation.m"; sourceTree = "<group>"; };
		97E671310908411084B69FFC /* ImageIO.framework */ = {isa = PBXFileReference; explicitFileType = undefined; fileEncoding = 9; includeInIndex = 0; lastKnownFileType = wrapper.framework; name = ImageIO.framework; path = System/Library/Frameworks/ImageIO.framework; sourceTree = SDKROOT; };
		9BD8D34A524D4BE7BDBE517D /* CDVNotification.h */ = {isa = PBXFileReference; explicitFileType = undefined; fileEncoding = 4; includeInIndex = 0; lastKnownFileType = sourcecode.c.h; name = CDVNotification.h; path = "cordova-plugin-dialogs/CDVNotification.h"; sourceTree = "<group>"; };
		9FF0F45D1BDE4D1E826AFB43 /* CDVDevice.m */ = {isa = PBXFileReference; explicitFileType = undefined; fileEncoding = 4; includeInIndex = 0; lastKnownFileType = sourcecode.c.objc; name = CDVDevice.m; path = "cordova-plugin-device/CDVDevice.m"; sourceTree = "<group>"; };
		A7C1E9F48A05481CB16888D2 /* CDVCamera.m */ = {isa = PBXFileReference; explicitFileType = undefined; fileEncoding = 4; includeInIndex = 0; lastKnownFileType = sourcecode.c.objc; name = CDVCamera.m; path = "cordova-plugin-camera/CDVCamera.m"; sourceTree = "<group>"; };
		A7EC910949ED44DC9E33DC0B /* CDVAssetLibraryFilesystem.h */ = {isa = PBXFileReference; explicitFileType = undefined; fileEncoding = 4; includeInIndex = 0; lastKnownFileType = sourcecode.c.h; name = CDVAssetLibraryFilesystem.h; path = "cordova-plugin-file/CDVAssetLibraryFilesystem.h"; sourceTree = "<group>"; };
		AF0C9C61DF80457A951250DA /* CDVVibration.m */ = {isa = PBXFileReference; explicitFileType = undefined; fileEncoding = 4; includeInIndex = 0; lastKnownFileType = sourcecode.c.objc; name = CDVVibration.m; path = "cordova-plugin-vibration/CDVVibration.m"; sourceTree = "<group>"; };
		B8F13CB96C5042609F8868AD /* CDVAccelerometer.m */ = {isa = PBXFileReference; explicitFileType = undefined; fileEncoding = 4; includeInIndex = 0; lastKnownFileType = sourcecode.c.objc; name = CDVAccelerometer.m; path = "cordova-plugin-device-motion/CDVAccelerometer.m"; sourceTree = "<group>"; };
		BA1BE689F36D44BAAFEF1544 /* CDVConnection.h */ = {isa = PBXFileReference; explicitFileType = undefined; fileEncoding = 4; includeInIndex = 0; lastKnownFileType = sourcecode.c.h; name = CDVConnection.h; path = "cordova-plugin-network-information/CDVConnection.h"; sourceTree = "<group>"; };
		BAF6FE3458F84BACA261CA8F /* CDVCamera.h */ = {isa = PBXFileReference; explicitFileType = undefined; fileEncoding = 4; includeInIndex = 0; lastKnownFileType = sourcecode.c.h; name = CDVCamera.h; path = "cordova-plugin-camera/CDVCamera.h"; sourceTree = "<group>"; };
		C05098CE48E045D78F4CE902 /* CoreLocation.framework */ = {isa = PBXFileReference; explicitFileType = undefined; fileEncoding = 9; includeInIndex = 0; lastKnownFileType = wrapper.framework; name = CoreLocation.framework; path = System/Library/Frameworks/CoreLocation.framework; sourceTree = SDKROOT; };
		C7DB9A4ABABF4E1A80E00DA9 /* CDVFileTransfer.m */ = {isa = PBXFileReference; explicitFileType = undefined; fileEncoding = 4; includeInIndex = 0; lastKnownFileType = sourcecode.c.objc; name = CDVFileTransfer.m; path = "cordova-plugin-file-transfer/CDVFileTransfer.m"; sourceTree = "<group>"; };
		CAC8F2522053476EB8E009BB /* CDVLocation.h */ = {isa = PBXFileReference; explicitFileType = undefined; fileEncoding = 4; includeInIndex = 0; lastKnownFileType = sourcecode.c.h; name = CDVLocation.h; path = "cordova-plugin-geolocation/CDVLocation.h"; sourceTree = "<group>"; };
		CD0D4860965F44FA98AFB770 /* CDVLogger.h */ = {isa = PBXFileReference; explicitFileType = undefined; fileEncoding = 4; includeInIndex = 0; lastKnownFileType = sourcecode.c.h; name = CDVLogger.h; path = "cordova-plugin-console/CDVLogger.h"; sourceTree = "<group>"; };
		CF7F15CC861B4EB19A9F938C /* CDVViewController+SplashScreen.m */ = {isa = PBXFileReference; explicitFileType = undefined; fileEncoding = 4; includeInIndex = 0; lastKnownFileType = sourcecode.c.objc; name = "CDVViewController+SplashScreen.m"; path = "cordova-plugin-splashscreen/CDVViewController+SplashScreen.m"; sourceTree = "<group>"; };
		D3279A59392F45FBA30E523F /* CDVJpegHeaderWriter.h */ = {isa = PBXFileReference; explicitFileType = undefined; fileEncoding = 4; includeInIndex = 0; lastKnownFileType = sourcecode.c.h; name = CDVJpegHeaderWriter.h; path = "cordova-plugin-camera/CDVJpegHeaderWriter.h"; sourceTree = "<group>"; };
		DCB04A88C534438B939E0812 /* CDVContacts.h */ = {isa = PBXFileReference; explicitFileType = undefined; fileEncoding = 4; includeInIndex = 0; lastKnownFileType = sourcecode.c.h; name = CDVContacts.h; path = "cordova-plugin-contacts/CDVContacts.h"; sourceTree = "<group>"; };
		DE01AD6782D9426CBC0A3284 /* UIImage+CropScaleOrientation.h */ = {isa = PBXFileReference; explicitFileType = undefined; fileEncoding = 4; includeInIndex = 0; lastKnownFileType = sourcecode.c.h; name = "UIImage+CropScaleOrientation.h"; path = "cordova-plugin-camera/UIImage+CropScaleOrientation.h"; sourceTree = "<group>"; };
		E1FFBA4708074F6CAF8CA913 /* AddressBookUI.framework */ = {isa = PBXFileReference; explicitFileType = undefined; fileEncoding = 9; includeInIndex = 0; lastKnownFileType = wrapper.framework; name = AddressBookUI.framework; path = System/Library/Frameworks/AddressBookUI.framework; sourceTree = SDKROOT; };
		E40EB2C6A7A74E2B9137AD1D /* CDVCapture.m */ = {isa = PBXFileReference; explicitFileType = undefined; fileEncoding = 4; includeInIndex = 0; lastKnownFileType = sourcecode.c.objc; name = CDVCapture.m; path = "cordova-plugin-media-capture/CDVCapture.m"; sourceTree = "<group>"; };
		EB87FDF31871DA8E0020F90C /* www */ = {isa = PBXFileReference; lastKnownFileType = folder; name = www; path = ../../www; sourceTree = "<group>"; };
		EB87FDF41871DAF40020F90C /* config.xml */ = {isa = PBXFileReference; lastKnownFileType = text.xml; name = config.xml; path = ../../config.xml; sourceTree = "<group>"; };
		ED33DF2A687741AEAF9F8254 /* Bridging-Header.h */ = {isa = PBXFileReference; fileEncoding = 4; lastKnownFileType = sourcecode.c.h; path = "Bridging-Header.h"; sourceTree = "<group>"; };
		ED8AF7866A164C22A37A455B /* CDVContact.h */ = {isa = PBXFileReference; explicitFileType = undefined; fileEncoding = 4; includeInIndex = 0; lastKnownFileType = sourcecode.c.h; name = CDVContact.h; path = "cordova-plugin-contacts/CDVContact.h"; sourceTree = "<group>"; };
		EE49ADD0109E4A979D89F9C2 /* CDVReachability.m */ = {isa = PBXFileReference; explicitFileType = undefined; fileEncoding = 4; includeInIndex = 0; lastKnownFileType = sourcecode.c.objc; name = CDVReachability.m; path = "cordova-plugin-network-information/CDVReachability.m"; sourceTree = "<group>"; };
		EEECD49EAA854336AFE77F63 /* AudioToolbox.framework */ = {isa = PBXFileReference; explicitFileType = undefined; fileEncoding = 9; includeInIndex = 0; lastKnownFileType = wrapper.framework; name = AudioToolbox.framework; path = System/Library/Frameworks/AudioToolbox.framework; sourceTree = SDKROOT; };
		EF668236EAD3432CB55FCA0A /* CoreMotion.framework */ = {isa = PBXFileReference; explicitFileType = undefined; fileEncoding = 9; includeInIndex = 0; lastKnownFileType = wrapper.framework; name = CoreMotion.framework; path = System/Library/Frameworks/CoreMotion.framework; sourceTree = SDKROOT; };
		F16CCE90F956426486FC0C65 /* CDVAssetLibraryFilesystem.m */ = {isa = PBXFileReference; explicitFileType = undefined; fileEncoding = 4; includeInIndex = 0; lastKnownFileType = sourcecode.c.objc; name = CDVAssetLibraryFilesystem.m; path = "cordova-plugin-file/CDVAssetLibraryFilesystem.m"; sourceTree = "<group>"; };
		F36F2180651C42FE886FD834 /* CDVStatusBar.h */ = {isa = PBXFileReference; explicitFileType = undefined; fileEncoding = 4; includeInIndex = 0; lastKnownFileType = sourcecode.c.h; name = CDVStatusBar.h; path = "cordova-plugin-statusbar/CDVStatusBar.h"; sourceTree = "<group>"; };
		F447661FF0E34CAC858214C9 /* SystemConfiguration.framework */ = {isa = PBXFileReference; explicitFileType = undefined; fileEncoding = 9; includeInIndex = 0; lastKnownFileType = wrapper.framework; name = SystemConfiguration.framework; path = System/Library/Frameworks/SystemConfiguration.framework; sourceTree = SDKROOT; };
		F840E1F0165FE0F500CFE078 /* config.xml */ = {isa = PBXFileReference; lastKnownFileType = text.xml; name = config.xml; path = OpenCartMobile/config.xml; sourceTree = "<group>"; };
		F9751B4DC46A4AFD9D836E12 /* CoreTelephony.framework */ = {isa = PBXFileReference; explicitFileType = undefined; fileEncoding = 9; includeInIndex = 0; lastKnownFileType = wrapper.framework; name = CoreTelephony.framework; path = System/Library/Frameworks/CoreTelephony.framework; sourceTree = SDKROOT; };
		FAFE58A82C0B49CD966F8ED1 /* CDVLocalFilesystem.h */ = {isa = PBXFileReference; explicitFileType = undefined; fileEncoding = 4; includeInIndex = 0; lastKnownFileType = sourcecode.c.h; name = CDVLocalFilesystem.h; path = "cordova-plugin-file/CDVLocalFilesystem.h"; sourceTree = "<group>"; };
/* End PBXFileReference section */

/* Begin PBXFrameworksBuildPhase section */
		1D60588F0D05DD3D006BFB54 /* Frameworks */ = {
			isa = PBXFrameworksBuildPhase;
			buildActionMask = 2147483647;
			files = (
				301BF552109A68D80062928A /* libCordova.a in Frameworks */,
				1F9AFB67BB9643BDA2302205 /* ImageIO.framework in Frameworks */,
				0A2B8ECC544A4709B0191A04 /* CoreLocation.framework in Frameworks */,
				8001BE4BFD5E4FAFB617E5DB /* AVFoundation.framework in Frameworks */,
				CF3EA57D553744DB89DDC3D7 /* AddressBook.framework in Frameworks */,
				C4AFBC14BEB14FC9BEEA5EFF /* AddressBookUI.framework in Frameworks */,
				B17D6A64A7164DF1A4E30A56 /* CoreMotion.framework in Frameworks */,
				BCA320C2BEA847A8873041D9 /* AudioToolbox.framework in Frameworks */,
				FBEDBEBBAECC4DDDAA318AEF /* SystemConfiguration.framework in Frameworks */,
				1583C98D2A54458F9E891541 /* CoreTelephony.framework in Frameworks */,
			);
			runOnlyForDeploymentPostprocessing = 0;
		};
/* End PBXFrameworksBuildPhase section */

/* Begin PBXGroup section */
		080E96DDFE201D6D7F000001 /* Classes */ = {
			isa = PBXGroup;
			children = (
				302D95EE14D2391D003F00A1 /* MainViewController.h */,
				302D95EF14D2391D003F00A1 /* MainViewController.m */,
				302D95F014D2391D003F00A1 /* MainViewController.xib */,
				1D3623240D0F684500981E51 /* AppDelegate.h */,
				1D3623250D0F684500981E51 /* AppDelegate.m */,
			);
			name = Classes;
			path = OpenCartMobile/Classes;
			sourceTree = SOURCE_ROOT;
		};
		19C28FACFE9D520D11CA2CBB /* Products */ = {
			isa = PBXGroup;
			children = (
				1D6058910D05DD3D006BFB54 /* OpenCartMobile.app */,
			);
			name = Products;
			sourceTree = "<group>";
		};
		29B97314FDCFA39411CA2CEA /* CustomTemplate */ = {
			isa = PBXGroup;
			children = (
				EB87FDF41871DAF40020F90C /* config.xml */,
				EB87FDF31871DA8E0020F90C /* www */,
				EB87FDF11871DA420020F90C /* Staging */,
				301BF52D109A57CC0062928A /* CordovaLib.xcodeproj */,
				080E96DDFE201D6D7F000001 /* Classes */,
				307C750510C5A3420062BCA9 /* Plugins */,
				29B97315FDCFA39411CA2CEA /* Other Sources */,
				29B97317FDCFA39411CA2CEA /* Resources */,
				29B97323FDCFA39411CA2CEA /* Frameworks */,
				19C28FACFE9D520D11CA2CBB /* Products */,
			);
			name = CustomTemplate;
			sourceTree = "<group>";
		};
		29B97315FDCFA39411CA2CEA /* Other Sources */ = {
			isa = PBXGroup;
			children = (
				32CA4F630368D1EE00C91783 /* OpenCartMobile-Prefix.pch */,
				29B97316FDCFA39411CA2CEA /* main.m */,
				ED33DF2A687741AEAF9F8254 /* Bridging-Header.h */,
			);
			name = "Other Sources";
			path = OpenCartMobile;
			sourceTree = "<group>";
		};
		29B97317FDCFA39411CA2CEA /* Resources */ = {
			isa = PBXGroup;
			children = (
				0207DA571B56EA530066E2B4 /* Images.xcassets */,
				3047A50E1AB8057F00498E2A /* config */,
				8D1107310486CEB800E47090 /* OpenCartMobile-Info.plist */,
				878B5CCF7FCD41BC8F06741D /* CDVNotification.bundle */,
				34C4A859235049E6BB7C766D /* CDVCapture.bundle */,
			);
			name = Resources;
			path = OpenCartMobile/Resources;
			sourceTree = "<group>";
		};
		29B97323FDCFA39411CA2CEA /* Frameworks */ = {
			isa = PBXGroup;
			children = (
				97E671310908411084B69FFC /* ImageIO.framework */,
				C05098CE48E045D78F4CE902 /* CoreLocation.framework */,
				4C18A94C465442E992D24B77 /* AVFoundation.framework */,
				5EF7F2C68E7C468387FD9432 /* AddressBook.framework */,
				E1FFBA4708074F6CAF8CA913 /* AddressBookUI.framework */,
				EF668236EAD3432CB55FCA0A /* CoreMotion.framework */,
				EEECD49EAA854336AFE77F63 /* AudioToolbox.framework */,
				F447661FF0E34CAC858214C9 /* SystemConfiguration.framework */,
				F9751B4DC46A4AFD9D836E12 /* CoreTelephony.framework */,
			);
			name = Frameworks;
			sourceTree = "<group>";
		};
		301BF52E109A57CC0062928A /* Products */ = {
			isa = PBXGroup;
			children = (
				301BF535109A57CC0062928A /* libCordova.a */,
			);
			name = Products;
			sourceTree = "<group>";
		};
		3047A50E1AB8057F00498E2A /* config */ = {
			isa = PBXGroup;
			children = (
				3047A50F1AB8059700498E2A /* build-debug.xcconfig */,
				3047A5101AB8059700498E2A /* build-release.xcconfig */,
				3047A5111AB8059700498E2A /* build.xcconfig */,
			);
			name = config;
			sourceTree = "<group>";
		};
		307C750510C5A3420062BCA9 /* Plugins */ = {
			isa = PBXGroup;
			children = (
				6F8D7F225DFB45BC8F337BE8 /* CDVBattery.m */,
				1343936F1FA24C1292ACBF1A /* CDVBattery.h */,
				369C9ABDBBDF44419B28B307 /* UIImage+CropScaleOrientation.m */,
				A7C1E9F48A05481CB16888D2 /* CDVCamera.m */,
				5B008274CCFA43AF98CB84C6 /* CDVJpegHeaderWriter.m */,
				DE01AD6782D9426CBC0A3284 /* UIImage+CropScaleOrientation.h */,
				BAF6FE3458F84BACA261CA8F /* CDVCamera.h */,
				D3279A59392F45FBA30E523F /* CDVJpegHeaderWriter.h */,
				50B583B7AC924298836C971A /* CDVExif.h */,
				44A718FDCEE9437A874C180E /* CDVLogger.m */,
				CD0D4860965F44FA98AFB770 /* CDVLogger.h */,
				55D350087D0F4271A998AC52 /* CDVContacts.m */,
				6A95B6DD000F404EBFD6B374 /* CDVContact.m */,
				DCB04A88C534438B939E0812 /* CDVContacts.h */,
				ED8AF7866A164C22A37A455B /* CDVContact.h */,
				9FF0F45D1BDE4D1E826AFB43 /* CDVDevice.m */,
				4EED8CA22D4B4B28A24A6DF6 /* CDVDevice.h */,
				B8F13CB96C5042609F8868AD /* CDVAccelerometer.m */,
				5F27D328F4534A8B96238F98 /* CDVAccelerometer.h */,
				5973B08F1A9642A38DC7B5D3 /* CDVCompass.m */,
				2ED39983C92A4272B5FE8CA6 /* CDVCompass.h */,
				5A539DCE2AB542CF9FD6BD1C /* CDVNotification.m */,
				9BD8D34A524D4BE7BDBE517D /* CDVNotification.h */,
				311C561544C9496C8C2A677F /* CDVFile.m */,
				1352C63610BB41C09E7EAFAC /* CDVLocalFilesystem.m */,
				F16CCE90F956426486FC0C65 /* CDVAssetLibraryFilesystem.m */,
				7A253B25DBEB4B47966F2963 /* CDVFile.h */,
				FAFE58A82C0B49CD966F8ED1 /* CDVLocalFilesystem.h */,
				A7EC910949ED44DC9E33DC0B /* CDVAssetLibraryFilesystem.h */,
				C7DB9A4ABABF4E1A80E00DA9 /* CDVFileTransfer.m */,
				17321AB204E34DC4A637F3EA /* CDVFileTransfer.h */,
				94A45DE2DC214E52AA2A8357 /* CDVLocation.m */,
				CAC8F2522053476EB8E009BB /* CDVLocation.h */,
				1DF72473F49D4F8783B15B1C /* CDVGlobalization.m */,
				480DA77F4DB94D9D9E994121 /* CDVGlobalization.h */,
				2D4A37465EF04940AAAC8E3C /* CDVInAppBrowser.m */,
				832B7FFCEC98485A8DD2F9FE /* CDVInAppBrowser.h */,
				2F9B882480074EBBB0BC388C /* CDVSound.m */,
				6F45B6FD9CF744E1A66FA3E7 /* CDVSound.h */,
				E40EB2C6A7A74E2B9137AD1D /* CDVCapture.m */,
				5C80ADC82DC44374BE0DC1AF /* CDVCapture.h */,
				7617106D7558434F81BE6C63 /* CDVConnection.m */,
				EE49ADD0109E4A979D89F9C2 /* CDVReachability.m */,
				BA1BE689F36D44BAAFEF1544 /* CDVConnection.h */,
				8BF01C0B770F4853BAF83CD9 /* CDVReachability.h */,
				20CCCC804FCC4B24B692FDDE /* CDVSplashScreen.m */,
				CF7F15CC861B4EB19A9F938C /* CDVViewController+SplashScreen.m */,
				4327E6BE5FC646A782D00579 /* CDVSplashScreen.h */,
				7A44C8DC95514C9F9819E577 /* CDVViewController+SplashScreen.h */,
				622521B0BFFC4DC9B61AF8FD /* CDVStatusBar.m */,
				F36F2180651C42FE886FD834 /* CDVStatusBar.h */,
				AF0C9C61DF80457A951250DA /* CDVVibration.m */,
				0182AFC04EBE4AF98285E6ED /* CDVVibration.h */,
			);
			name = Plugins;
			path = OpenCartMobile/Plugins;
			sourceTree = SOURCE_ROOT;
		};
		EB87FDF11871DA420020F90C /* Staging */ = {
			isa = PBXGroup;
			children = (
				F840E1F0165FE0F500CFE078 /* config.xml */,
				301BF56E109A69640062928A /* www */,
			);
			name = Staging;
			sourceTree = "<group>";
		};
/* End PBXGroup section */

/* Begin PBXNativeTarget section */
		1D6058900D05DD3D006BFB54 /* OpenCartMobile */ = {
			isa = PBXNativeTarget;
			buildConfigurationList = 1D6058960D05DD3E006BFB54 /* Build configuration list for PBXNativeTarget "OpenCartMobile" */;
			buildPhases = (
				304B58A110DAC018002A0835 /* Copy www directory */,
				1D60588D0D05DD3D006BFB54 /* Resources */,
				1D60588E0D05DD3D006BFB54 /* Sources */,
				1D60588F0D05DD3D006BFB54 /* Frameworks */,
			);
			buildRules = (
			);
			dependencies = (
				301BF551109A68C00062928A /* PBXTargetDependency */,
			);
			name = OpenCartMobile;
			productName = OpenCartMobile;
			productReference = 1D6058910D05DD3D006BFB54 /* OpenCartMobile.app */;
			productType = "com.apple.product-type.application";
		};
/* End PBXNativeTarget section */

/* Begin PBXProject section */
		29B97313FDCFA39411CA2CEA /* Project object */ = {
			isa = PBXProject;
			attributes = {
				LastUpgradeCheck = 0730;
				TargetAttributes = {
					1D6058900D05DD3D006BFB54 = {
						DevelopmentTeam = Z7GPDZ28HY;
					};
				};
			};
			buildConfigurationList = C01FCF4E08A954540054247B /* Build configuration list for PBXProject "OpenCartMobile" */;
			compatibilityVersion = "Xcode 3.2";
			developmentRegion = English;
			hasScannedForEncodings = 1;
			knownRegions = (
				en,
			);
			mainGroup = 29B97314FDCFA39411CA2CEA /* CustomTemplate */;
			projectDirPath = "";
			projectReferences = (
				{
					ProductGroup = 301BF52E109A57CC0062928A /* Products */;
					ProjectRef = 301BF52D109A57CC0062928A /* CordovaLib.xcodeproj */;
				},
			);
			projectRoot = "";
			targets = (
				1D6058900D05DD3D006BFB54 /* OpenCartMobile */,
			);
		};
/* End PBXProject section */

/* Begin PBXReferenceProxy section */
		301BF535109A57CC0062928A /* libCordova.a */ = {
			isa = PBXReferenceProxy;
			fileType = archive.ar;
			path = libCordova.a;
			remoteRef = 301BF534109A57CC0062928A /* PBXContainerItemProxy */;
			sourceTree = BUILT_PRODUCTS_DIR;
		};
/* End PBXReferenceProxy section */

/* Begin PBXResourcesBuildPhase section */
		1D60588D0D05DD3D006BFB54 /* Resources */ = {
			isa = PBXResourcesBuildPhase;
			buildActionMask = 2147483647;
			files = (
				302D95F214D2391D003F00A1 /* MainViewController.xib in Resources */,
				0207DA581B56EA530066E2B4 /* Images.xcassets in Resources */,
				689B5EAA859146AE885F5B13 /* CDVNotification.bundle in Resources */,
				2FC0A75B56994AD4962A2778 /* CDVCapture.bundle in Resources */,
			);
			runOnlyForDeploymentPostprocessing = 0;
		};
/* End PBXResourcesBuildPhase section */

/* Begin PBXShellScriptBuildPhase section */
		304B58A110DAC018002A0835 /* Copy www directory */ = {
			isa = PBXShellScriptBuildPhase;
			buildActionMask = 2147483647;
			files = (
			);
			inputPaths = (
			);
			name = "Copy www directory";
			outputPaths = (
			);
			runOnlyForDeploymentPostprocessing = 0;
			shellPath = /bin/sh;
			shellScript = "NODEJS_PATH=/usr/local/bin; NVM_NODE_PATH=~/.nvm/versions/node/`nvm version 2>/dev/null`/bin; N_NODE_PATH=`find /usr/local/n/versions/node/* -maxdepth 0 -type d 2>/dev/null | tail -1`/bin; XCODE_NODE_PATH=`xcode-select --print-path`/usr/share/xcs/Node/bin; PATH=$NODEJS_PATH:$NVM_NODE_PATH:$N_NODE_PATH:$XCODE_NODE_PATH:$PATH && node cordova/lib/copy-www-build-step.js";
			showEnvVarsInLog = 0;
		};
/* End PBXShellScriptBuildPhase section */

/* Begin PBXSourcesBuildPhase section */
		1D60588E0D05DD3D006BFB54 /* Sources */ = {
			isa = PBXSourcesBuildPhase;
			buildActionMask = 2147483647;
			files = (
				1D60589B0D05DD56006BFB54 /* main.m in Sources */,
				1D3623260D0F684500981E51 /* AppDelegate.m in Sources */,
				302D95F114D2391D003F00A1 /* MainViewController.m in Sources */,
				4A5D6C0EE4AA42EF91E53ADE /* CDVBattery.m in Sources */,
				FD446F6D799649E0BF649DD6 /* UIImage+CropScaleOrientation.m in Sources */,
				4E6A976735C14FD1A98DC9F0 /* CDVCamera.m in Sources */,
				598840B8DC834C10B7F5EFB9 /* CDVJpegHeaderWriter.m in Sources */,
				54A48C8711864A51A5AEB612 /* CDVLogger.m in Sources */,
				912CA62047FA49E58BD3FE9D /* CDVContacts.m in Sources */,
				30778400C3EF41AEA53B6221 /* CDVContact.m in Sources */,
				6FD87EBFEE914140B3F1945F /* CDVDevice.m in Sources */,
				BC3A694B2A0D460796DCFC5F /* CDVAccelerometer.m in Sources */,
				DA093DFB66E84F9897A8E8EE /* CDVCompass.m in Sources */,
				E8BC90B29C814E06BACFDDF6 /* CDVNotification.m in Sources */,
				F354BC61B2E849239481BCAF /* CDVFile.m in Sources */,
				59BC31CD3E7A4640874E694A /* CDVLocalFilesystem.m in Sources */,
				3A625A954AF7447FBB8CE7A1 /* CDVAssetLibraryFilesystem.m in Sources */,
				3B4E52576CA64153A2DA8B58 /* CDVFileTransfer.m in Sources */,
				94F7A2180EB84B17A9ED90D0 /* CDVLocation.m in Sources */,
				3B879099BACE4B3EA7949026 /* CDVGlobalization.m in Sources */,
				2A97AB4FA79C4755BFD818E2 /* CDVInAppBrowser.m in Sources */,
				33EA54D8C1884CA6B22AF11E /* CDVSound.m in Sources */,
				6C745D4D424A4E7F9392ABA5 /* CDVCapture.m in Sources */,
				3755B2639A35482DBDC784FA /* CDVConnection.m in Sources */,
				1EEF458AEE6A4F58A94C25ED /* CDVReachability.m in Sources */,
				C7D4695D079C4AB294D3E297 /* CDVSplashScreen.m in Sources */,
				4C9BC57F60BF45339AE640D6 /* CDVViewController+SplashScreen.m in Sources */,
				39A7057CB0BE4671A4258CCE /* CDVStatusBar.m in Sources */,
				FA22D73EBFB14629B8B1F99B /* CDVVibration.m in Sources */,
			);
			runOnlyForDeploymentPostprocessing = 0;
		};
/* End PBXSourcesBuildPhase section */

/* Begin PBXTargetDependency section */
		301BF551109A68C00062928A /* PBXTargetDependency */ = {
			isa = PBXTargetDependency;
			name = CordovaLib;
			targetProxy = 301BF550109A68C00062928A /* PBXContainerItemProxy */;
		};
/* End PBXTargetDependency section */

/* Begin XCBuildConfiguration section */
		1D6058940D05DD3E006BFB54 /* Debug */ = {
			isa = XCBuildConfiguration;
			baseConfigurationReference = 3047A50F1AB8059700498E2A /* build-debug.xcconfig */;
			buildSettings = {
				ALWAYS_SEARCH_USER_PATHS = NO;
				ASSETCATALOG_COMPILER_APPICON_NAME = AppIcon;
				ASSETCATALOG_COMPILER_LAUNCHIMAGE_NAME = LaunchImage;
				CLANG_ENABLE_MODULES = YES;
				CLANG_ENABLE_OBJC_ARC = YES;
				CODE_SIGN_IDENTITY = "iPhone Developer";
				"CODE_SIGN_IDENTITY[sdk=iphoneos*]" = "iPhone Developer";
				COPY_PHASE_STRIP = NO;
				GCC_DYNAMIC_NO_PIC = NO;
				GCC_OPTIMIZATION_LEVEL = 0;
				GCC_PRECOMPILE_PREFIX_HEADER = YES;
				GCC_PREFIX_HEADER = "OpenCartMobile/OpenCartMobile-Prefix.pch";
				GCC_THUMB_SUPPORT = NO;
				GCC_VERSION = "";
				INFOPLIST_FILE = "OpenCartMobile/OpenCartMobile-Info.plist";
				LD_RUNPATH_SEARCH_PATHS = "@executable_path/Frameworks";
				PRODUCT_BUNDLE_IDENTIFIER = com.phonegap.helloworld;
				PRODUCT_NAME = OpenCartMobile;
				PROVISIONING_PROFILE = "";
			};
			name = Debug;
		};
		1D6058950D05DD3E006BFB54 /* Release */ = {
			isa = XCBuildConfiguration;
			baseConfigurationReference = 3047A5101AB8059700498E2A /* build-release.xcconfig */;
			buildSettings = {
				ALWAYS_SEARCH_USER_PATHS = NO;
				ASSETCATALOG_COMPILER_APPICON_NAME = AppIcon;
				ASSETCATALOG_COMPILER_LAUNCHIMAGE_NAME = LaunchImage;
				CLANG_ENABLE_MODULES = YES;
				CLANG_ENABLE_OBJC_ARC = YES;
				CODE_SIGN_IDENTITY = "iPhone Developer";
				"CODE_SIGN_IDENTITY[sdk=iphoneos*]" = "iPhone Developer";
				COPY_PHASE_STRIP = YES;
				GCC_PRECOMPILE_PREFIX_HEADER = YES;
				GCC_PREFIX_HEADER = "OpenCartMobile/OpenCartMobile-Prefix.pch";
				GCC_THUMB_SUPPORT = NO;
				GCC_VERSION = "";
				INFOPLIST_FILE = "OpenCartMobile/OpenCartMobile-Info.plist";
				PRODUCT_BUNDLE_IDENTIFIER = com.phonegap.helloworld;
				PRODUCT_NAME = OpenCartMobile;
				PROVISIONING_PROFILE = "";
			};
			name = Release;
		};
		C01FCF4F08A954540054247B /* Debug */ = {
			isa = XCBuildConfiguration;
			baseConfigurationReference = 3047A5111AB8059700498E2A /* build.xcconfig */;
			buildSettings = {
				CLANG_ENABLE_MODULES = YES;
				CLANG_ENABLE_OBJC_ARC = YES;
				CLANG_WARN_BOOL_CONVERSION = YES;
				CLANG_WARN_CONSTANT_CONVERSION = YES;
				CLANG_WARN_EMPTY_BODY = YES;
				CLANG_WARN_ENUM_CONVERSION = YES;
				CLANG_WARN_INT_CONVERSION = YES;
				CLANG_WARN__DUPLICATE_METHOD_MATCH = YES;
				ENABLE_TESTABILITY = YES;
				GCC_C_LANGUAGE_STANDARD = c99;
				GCC_THUMB_SUPPORT = NO;
				GCC_VERSION = "";
				GCC_WARN_ABOUT_RETURN_TYPE = YES;
				GCC_WARN_UNDECLARED_SELECTOR = YES;
				GCC_WARN_UNINITIALIZED_AUTOS = YES;
				GCC_WARN_UNUSED_FUNCTION = YES;
				GCC_WARN_UNUSED_VARIABLE = YES;
				ONLY_ACTIVE_ARCH = YES;
				SDKROOT = iphoneos;
				SKIP_INSTALL = NO;
			};
			name = Debug;
		};
		C01FCF5008A954540054247B /* Release */ = {
			isa = XCBuildConfiguration;
			baseConfigurationReference = 3047A5111AB8059700498E2A /* build.xcconfig */;
			buildSettings = {
				CLANG_ENABLE_MODULES = YES;
				CLANG_ENABLE_OBJC_ARC = YES;
				CLANG_WARN_BOOL_CONVERSION = YES;
				CLANG_WARN_CONSTANT_CONVERSION = YES;
				CLANG_WARN_EMPTY_BODY = YES;
				CLANG_WARN_ENUM_CONVERSION = YES;
				CLANG_WARN_INT_CONVERSION = YES;
				CLANG_WARN__DUPLICATE_METHOD_MATCH = YES;
				GCC_C_LANGUAGE_STANDARD = c99;
				GCC_THUMB_SUPPORT = NO;
				GCC_VERSION = "";
				GCC_WARN_ABOUT_RETURN_TYPE = YES;
				GCC_WARN_UNDECLARED_SELECTOR = YES;
				GCC_WARN_UNINITIALIZED_AUTOS = YES;
				GCC_WARN_UNUSED_FUNCTION = YES;
				GCC_WARN_UNUSED_VARIABLE = YES;
				SDKROOT = iphoneos;
				SKIP_INSTALL = NO;
			};
			name = Release;
		};
/* End XCBuildConfiguration section */

/* Begin XCConfigurationList section */
		1D6058960D05DD3E006BFB54 /* Build configuration list for PBXNativeTarget "OpenCartMobile" */ = {
			isa = XCConfigurationList;
			buildConfigurations = (
				1D6058940D05DD3E006BFB54 /* Debug */,
				1D6058950D05DD3E006BFB54 /* Release */,
			);
			defaultConfigurationIsVisible = 0;
			defaultConfigurationName = Release;
		};
		C01FCF4E08A954540054247B /* Build configuration list for PBXProject "OpenCartMobile" */ = {
			isa = XCConfigurationList;
			buildConfigurations = (
				C01FCF4F08A954540054247B /* Debug */,
				C01FCF5008A954540054247B /* Release */,
			);
			defaultConfigurationIsVisible = 0;
			defaultConfigurationName = Release;
		};
/* End XCConfigurationList section */
	};
	rootObject = 29B97313FDCFA39411CA2CEA /* Project object */;
}
